
Microsoft Visual Studio Solution File, Format Version 12.00
# Visual Studio Version 17
VisualStudioVersion = 17.2.32519.379
MinimumVisualStudioVersion = 10.0.40219.1
Project("{9A19103F-16F7-4668-BE54-9A1E7A4F7556}") = "TestApplication", "TestApplication\TestApplication.csproj", "{657887FB-CFB6-40BB-8755-DAADAE48BF01}"
EndProject
Project("{9A19103F-16F7-4668-BE54-9A1E7A4F7556}") = "DataAccessLayer", "DataAccessLayer\DataAccessLayer.csproj", "{07C2898F-FE28-46AF-8F1E-1300EDF5C742}"
EndProject
Project("{9A19103F-16F7-4668-BE54-9A1E7A4F7556}") = "GlobalScopedVariables", "GlobalScopedVariables\GlobalScopedVariables.csproj", "{0BAE2F3E-3968-4AAC-A590-98331D50A166}"
EndProject
Project("{9A19103F-16F7-4668-BE54-9A1E7A4F7556}") = "Models", "Models\Models.csproj", "{36634B7B-5A62-4E0D-87F2-BDBA075FBED6}"
EndProject
Project("{FAE04EC0-301F-11D3-BF4B-00C04F79EFBC}") = "Repositories", "Repositories\Repositories.csproj", "{717F1E37-B978-49C2-8A21-0307069288B0}"
EndProject
Project("{FAE04EC0-301F-11D3-BF4B-00C04F79EFBC}") = "Utilities", "Utilities\Utilities.csproj", "{E0AA1E11-0329-45C9-94DF-333574EE83B6}"
EndProject
Global
	GlobalSection(SolutionConfigurationPlatforms) = preSolution
		Debug|Any CPU = Debug|Any CPU
		Release|Any CPU = Release|Any CPU
	EndGlobalSection
	GlobalSection(ProjectConfigurationPlatforms) = postSolution
		{657887FB-CFB6-40BB-8755-DAADAE48BF01}.Debug|Any CPU.ActiveCfg = Debug|Any CPU
		{657887FB-CFB6-40BB-8755-DAADAE48BF01}.Debug|Any CPU.Build.0 = Debug|Any CPU
		{657887FB-CFB6-40BB-8755-DAADAE48BF01}.Release|Any CPU.ActiveCfg = Release|Any CPU
		{657887FB-CFB6-40BB-8755-DAADAE48BF01}.Release|Any CPU.Build.0 = Release|Any CPU
		{07C2898F-FE28-46AF-8F1E-1300EDF5C742}.Debug|Any CPU.ActiveCfg = Debug|Any CPU
		{07C2898F-FE28-46AF-8F1E-1300EDF5C742}.Debug|Any CPU.Build.0 = Debug|Any CPU
		{07C2898F-FE28-46AF-8F1E-1300EDF5C742}.Release|Any CPU.ActiveCfg = Release|Any CPU
		{07C2898F-FE28-46AF-8F1E-1300EDF5C742}.Release|Any CPU.Build.0 = Release|Any CPU
		{0BAE2F3E-3968-4AAC-A590-98331D50A166}.Debug|Any CPU.ActiveCfg = Debug|Any CPU
		{0BAE2F3E-3968-4AAC-A590-98331D50A166}.Debug|Any CPU.Build.0 = Debug|Any CPU
		{0BAE2F3E-3968-4AAC-A590-98331D50A166}.Release|Any CPU.ActiveCfg = Release|Any CPU
		{0BAE2F3E-3968-4AAC-A590-98331D50A166}.Release|Any CPU.Build.0 = Release|Any CPU
		{36634B7B-5A62-4E0D-87F2-BDBA075FBED6}.Debug|Any CPU.ActiveCfg = Debug|Any CPU
		{36634B7B-5A62-4E0D-87F2-BDBA075FBED6}.Debug|Any CPU.Build.0 = Debug|Any CPU
		{36634B7B-5A62-4E0D-87F2-BDBA075FBED6}.Release|Any CPU.ActiveCfg = Release|Any CPU
		{36634B7B-5A62-4E0D-87F2-BDBA075FBED6}.Release|Any CPU.Build.0 = Release|Any CPU
		{717F1E37-B978-49C2-8A21-0307069288B0}.Debug|Any CPU.ActiveCfg = Debug|Any CPU
		{717F1E37-B978-49C2-8A21-0307069288B0}.Debug|Any CPU.Build.0 = Debug|Any CPU
		{717F1E37-B978-49C2-8A21-0307069288B0}.Release|Any CPU.ActiveCfg = Release|Any CPU
		{717F1E37-B978-49C2-8A21-0307069288B0}.Release|Any CPU.Build.0 = Release|Any CPU
		{E0AA1E11-0329-45C9-94DF-333574EE83B6}.Debug|Any CPU.ActiveCfg = Debug|Any CPU
		{E0AA1E11-0329-45C9-94DF-333574EE83B6}.Debug|Any CPU.Build.0 = Debug|Any CPU
		{E0AA1E11-0329-45C9-94DF-333574EE83B6}.Release|Any CPU.ActiveCfg = Release|Any CPU
		{E0AA1E11-0329-45C9-94DF-333574EE83B6}.Release|Any CPU.Build.0 = Release|Any CPU
	EndGlobalSection
	GlobalSection(SolutionProperties) = preSolution
		HideSolutionNode = FALSE
	EndGlobalSection
	GlobalSection(ExtensibilityGlobals) = postSolution
		SolutionGuid = {C65897C8-D026-44CE-8E56-177DA7919D26}
	EndGlobalSection
EndGlobal
